// !$*UTF8*$!
{
	archiveVersion = 1;
	classes = {
	};
	objectVersion = 46;
	objects = {

/* Begin PBXBuildFile section */
		6ADDF4A71C6F56F400C69443 /* AppDelegate.swift in Sources */ = {isa = PBXBuildFile; fileRef = 6ADDF4A61C6F56F400C69443 /* AppDelegate.swift */; };
		6ADDF4A91C6F56F400C69443 /* ViewController.swift in Sources */ = {isa = PBXBuildFile; fileRef = 6ADDF4A81C6F56F400C69443 /* ViewController.swift */; };
		6ADDF4AC1C6F56F400C69443 /* Main.storyboard in Resources */ = {isa = PBXBuildFile; fileRef = 6ADDF4AA1C6F56F400C69443 /* Main.storyboard */; };
		6ADDF4AE1C6F56F400C69443 /* Assets.xcassets in Resources */ = {isa = PBXBuildFile; fileRef = 6ADDF4AD1C6F56F400C69443 /* Assets.xcassets */; };
		6ADDF4B11C6F56F400C69443 /* LaunchScreen.storyboard in Resources */ = {isa = PBXBuildFile; fileRef = 6ADDF4AF1C6F56F400C69443 /* LaunchScreen.storyboard */; };
		6ADDF4B91C6F5B9F00C69443 /* pokemon.csv in Resources */ = {isa = PBXBuildFile; fileRef = 6ADDF4B81C6F5B9F00C69443 /* pokemon.csv */; };
		6ADDF4BE1C6F5C8B00C69443 /* Pokemon.swift in Sources */ = {isa = PBXBuildFile; fileRef = 6ADDF4BD1C6F5C8B00C69443 /* Pokemon.swift */; };
		6ADDF4C01C6F61D800C69443 /* PokeCell.swift in Sources */ = {isa = PBXBuildFile; fileRef = 6ADDF4BF1C6F61D800C69443 /* PokeCell.swift */; };
		6ADDF4C21C6F6E4100C69443 /* csv.swift in Sources */ = {isa = PBXBuildFile; fileRef = 6ADDF4C11C6F6E4100C69443 /* csv.swift */; };
/* End PBXBuildFile section */

/* Begin PBXFileReference section */
		6ADDF4A31C6F56F400C69443 /* pokedex-by-me.app */ = {isa = PBXFileReference; explicitFileType = wrapper.application; includeInIndex = 0; path = "pokedex-by-me.app"; sourceTree = BUILT_PRODUCTS_DIR; };
		6ADDF4A61C6F56F400C69443 /* AppDelegate.swift */ = {isa = PBXFileReference; lastKnownFileType = sourcecode.swift; path = AppDelegate.swift; sourceTree = "<group>"; };
		6ADDF4A81C6F56F400C69443 /* ViewController.swift */ = {isa = PBXFileReference; lastKnownFileType = sourcecode.swift; path = ViewController.swift; sourceTree = "<group>"; };
		6ADDF4AB1C6F56F400C69443 /* Base */ = {isa = PBXFileReference; lastKnownFileType = file.storyboard; name = Base; path = Base.lproj/Main.storyboard; sourceTree = "<group>"; };
		6ADDF4AD1C6F56F400C69443 /* Assets.xcassets */ = {isa = PBXFileReference; lastKnownFileType = folder.assetcatalog; path = Assets.xcassets; sourceTree = "<group>"; };
		6ADDF4B01C6F56F400C69443 /* Base */ = {isa = PBXFileReference; lastKnownFileType = file.storyboard; name = Base; path = Base.lproj/LaunchScreen.storyboard; sourceTree = "<group>"; };
		6ADDF4B21C6F56F400C69443 /* Info.plist */ = {isa = PBXFileReference; lastKnownFileType = text.plist.xml; path = Info.plist; sourceTree = "<group>"; };
		6ADDF4B81C6F5B9F00C69443 /* pokemon.csv */ = {isa = PBXFileReference; fileEncoding = 4; lastKnownFileType = text; path = pokemon.csv; sourceTree = "<group>"; };
		6ADDF4BD1C6F5C8B00C69443 /* Pokemon.swift */ = {isa = PBXFileReference; fileEncoding = 4; lastKnownFileType = sourcecode.swift; path = Pokemon.swift; sourceTree = "<group>"; };
		6ADDF4BF1C6F61D800C69443 /* PokeCell.swift */ = {isa = PBXFileReference; fileEncoding = 4; lastKnownFileType = sourcecode.swift; path = PokeCell.swift; sourceTree = "<group>"; };
		6ADDF4C11C6F6E4100C69443 /* csv.swift */ = {isa = PBXFileReference; fileEncoding = 4; lastKnownFileType = sourcecode.swift; path = csv.swift; sourceTree = "<group>"; };
/* End PBXFileReference section */

/* Begin PBXFrameworksBuildPhase section */
		6ADDF4A01C6F56F400C69443 /* Frameworks */ = {
			isa = PBXFrameworksBuildPhase;
			buildActionMask = 2147483647;
			files = (
			);
			runOnlyForDeploymentPostprocessing = 0;
		};
/* End PBXFrameworksBuildPhase section */

/* Begin PBXGroup section */
		6ADDF49A1C6F56F400C69443 = {
			isa = PBXGroup;
			children = (
				6ADDF4A51C6F56F400C69443 /* pokedex-by-me */,
				6ADDF4A41C6F56F400C69443 /* Products */,
			);
			sourceTree = "<group>";
		};
		6ADDF4A41C6F56F400C69443 /* Products */ = {
			isa = PBXGroup;
			children = (
				6ADDF4A31C6F56F400C69443 /* pokedex-by-me.app */,
			);
			name = Products;
			sourceTree = "<group>";
		};
		6ADDF4A51C6F56F400C69443 /* pokedex-by-me */ = {
			isa = PBXGroup;
			children = (
				6ADDF4BA1C6F5C6F00C69443 /* Model */,
				6ADDF4BC1C6F5C7A00C69443 /* View */,
				6ADDF4BB1C6F5C7400C69443 /* Controller */,
				6ADDF4C31C6F6E4600C69443 /* Util */,
				6ADDF4C41C6F6E6A00C69443 /* Resources */,
				6ADDF4A61C6F56F400C69443 /* AppDelegate.swift */,
				6ADDF4AA1C6F56F400C69443 /* Main.storyboard */,
				6ADDF4AD1C6F56F400C69443 /* Assets.xcassets */,
				6ADDF4AF1C6F56F400C69443 /* LaunchScreen.storyboard */,
				6ADDF4B21C6F56F400C69443 /* Info.plist */,
			);
			path = "pokedex-by-me";
			sourceTree = "<group>";
		};
		6ADDF4BA1C6F5C6F00C69443 /* Model */ = {
			isa = PBXGroup;
			children = (
				6ADDF4BD1C6F5C8B00C69443 /* Pokemon.swift */,
			);
			name = Model;
			sourceTree = "<group>";
		};
		6ADDF4BB1C6F5C7400C69443 /* Controller */ = {
			isa = PBXGroup;
			children = (
				6ADDF4A81C6F56F400C69443 /* ViewController.swift */,
			);
			name = Controller;
			sourceTree = "<group>";
		};
		6ADDF4BC1C6F5C7A00C69443 /* View */ = {
			isa = PBXGroup;
			children = (
				6ADDF4BF1C6F61D800C69443 /* PokeCell.swift */,
			);
			name = View;
			sourceTree = "<group>";
		};
		6ADDF4C31C6F6E4600C69443 /* Util */ = {
			isa = PBXGroup;
			children = (
				6ADDF4C11C6F6E4100C69443 /* csv.swift */,
			);
			name = Util;
			sourceTree = "<group>";
		};
		6ADDF4C41C6F6E6A00C69443 /* Resources */ = {
			isa = PBXGroup;
			children = (
				6ADDF4B81C6F5B9F00C69443 /* pokemon.csv */,
			);
			name = Resources;
			sourceTree = "<group>";
		};
/* End PBXGroup section */

/* Begin PBXNativeTarget section */
		6ADDF4A21C6F56F400C69443 /* pokedex-by-me */ = {
			isa = PBXNativeTarget;
			buildConfigurationList = 6ADDF4B51C6F56F400C69443 /* Build configuration list for PBXNativeTarget "pokedex-by-me" */;
			buildPhases = (
				6ADDF49F1C6F56F400C69443 /* Sources */,
				6ADDF4A01C6F56F400C69443 /* Frameworks */,
				6ADDF4A11C6F56F400C69443 /* Resources */,
			);
			buildRules = (
			);
			dependencies = (
			);
			name = "pokedex-by-me";
			productName = "pokedex-by-me";
			productReference = 6ADDF4A31C6F56F400C69443 /* pokedex-by-me.app */;
			productType = "com.apple.product-type.application";
		};
/* End PBXNativeTarget section */

/* Begin PBXProject section */
		6ADDF49B1C6F56F400C69443 /* Project object */ = {
			isa = PBXProject;
			attributes = {
				LastSwiftUpdateCheck = 0720;
				LastUpgradeCheck = 0720;
				ORGANIZATIONNAME = "Neville Smythe";
				TargetAttributes = {
					6ADDF4A21C6F56F400C69443 = {
						CreatedOnToolsVersion = 7.2.1;
						DevelopmentTeam = AAMFE463FZ;
					};
				};
			};
			buildConfigurationList = 6ADDF49E1C6F56F400C69443 /* Build configuration list for PBXProject "pokedex-by-me" */;
			compatibilityVersion = "Xcode 3.2";
			developmentRegion = English;
			hasScannedForEncodings = 0;
			knownRegions = (
				en,
				Base,
			);
			mainGroup = 6ADDF49A1C6F56F400C69443;
			productRefGroup = 6ADDF4A41C6F56F400C69443 /* Products */;
			projectDirPath = "";
			projectRoot = "";
			targets = (
				6ADDF4A21C6F56F400C69443 /* pokedex-by-me */,
			);
		};
/* End PBXProject section */

/* Begin PBXResourcesBuildPhase section */
		6ADDF4A11C6F56F400C69443 /* Resources */ = {
			isa = PBXResourcesBuildPhase;
			buildActionMask = 2147483647;
			files = (
				6ADDF4B11C6F56F400C69443 /* LaunchScreen.storyboard in Resources */,
				6ADDF4AE1C6F56F400C69443 /* Assets.xcassets in Resources */,
				6ADDF4B91C6F5B9F00C69443 /* pokemon.csv in Resources */,
				6ADDF4AC1C6F56F400C69443 /* Main.storyboard in Resources */,
			);
			runOnlyForDeploymentPostprocessing = 0;
		};
/* End PBXResourcesBuildPhase section */

/* Begin PBXSourcesBuildPhase section */
		6ADDF49F1C6F56F400C69443 /* Sources */ = {
			isa = PBXSourcesBuildPhase;
			buildActionMask = 2147483647;
			files = (
				6ADDF4C01C6F61D800C69443 /* PokeCell.swift in Sources */,
				6ADDF4A91C6F56F400C69443 /* ViewController.swift in Sources */,
				6ADDF4A71C6F56F400C69443 /* AppDelegate.swift in Sources */,
				6ADDF4BE1C6F5C8B00C69443 /* Pokemon.swift in Sources */,
				6ADDF4C21C6F6E4100C69443 /* csv.swift in Sources */,
			);
			runOnlyForDeploymentPostprocessing = 0;
		};
/* End PBXSourcesBuildPhase section */

/* Begin PBXVariantGroup section */
		6ADDF4AA1C6F56F400C69443 /* Main.storyboard */ = {
			isa = PBXVariantGroup;
			children = (
				6ADDF4AB1C6F56F400C69443 /* Base */,
			);
			name = Main.storyboard;
			sourceTree = "<group>";
		};
		6ADDF4AF1C6F56F400C69443 /* LaunchScreen.storyboard */ = {
			isa = PBXVariantGroup;
			children = (
				6ADDF4B01C6F56F400C69443 /* Base */,
			);
			name = LaunchScreen.storyboard;
			sourceTree = "<group>";
		};
/* End PBXVariantGroup section */

/* Begin XCBuildConfiguration section */
		6ADDF4B31C6F56F400C69443 /* Debug */ = {
			isa = XCBuildConfiguration;
			buildSettings = {
				ALWAYS_SEARCH_USER_PATHS = NO;
				CLANG_CXX_LANGUAGE_STANDARD = "gnu++0x";
				CLANG_CXX_LIBRARY = "libc++";
				CLANG_ENABLE_MODULES = YES;
				CLANG_ENABLE_OBJC_ARC = YES;
				CLANG_WARN_BOOL_CONVERSION = YES;
				CLANG_WARN_CONSTANT_CONVERSION = YES;
				CLANG_WARN_DIRECT_OBJC_ISA_USAGE = YES_ERROR;
				CLANG_WARN_EMPTY_BODY = YES;
				CLANG_WARN_ENUM_CONVERSION = YES;
				CLANG_WARN_INT_CONVERSION = YES;
				CLANG_WARN_OBJC_ROOT_CLASS = YES_ERROR;
				CLANG_WARN_UNREACHABLE_CODE = YES;
				CLANG_WARN__DUPLICATE_METHOD_MATCH = YES;
				"CODE_SIGN_IDENTITY[sdk=iphoneos*]" = "iPhone Developer";
				COPY_PHASE_STRIP = NO;
				DEBUG_INFORMATION_FORMAT = dwarf;
				ENABLE_STRICT_OBJC_MSGSEND = YES;
				ENABLE_TESTABILITY = YES;
				GCC_C_LANGUAGE_STANDARD = gnu99;
				GCC_DYNAMIC_NO_PIC = NO;
				GCC_NO_COMMON_BLOCKS = YES;
				GCC_OPTIMIZATION_LEVEL = 0;
				GCC_PREPROCESSOR_DEFINITIONS = (
					"DEBUG=1",
					"$(inherited)",
				);
				GCC_WARN_64_TO_32_BIT_CONVERSION = YES;
				GCC_WARN_ABOUT_RETURN_TYPE = YES_ERROR;
				GCC_WARN_UNDECLARED_SELECTOR = YES;
				GCC_WARN_UNINITIALIZED_AUTOS = YES_AGGRESSIVE;
				GCC_WARN_UNUSED_FUNCTION = YES;
				GCC_WARN_UNUSED_VARIABLE = YES;
				IPHONEOS_DEPLOYMENT_TARGET = 9.2;
				MTL_ENABLE_DEBUG_INFO = YES;
				ONLY_ACTIVE_ARCH = YES;
				SDKROOT = iphoneos;
				SWIFT_OPTIMIZATION_LEVEL = "-Onone";
				TARGETED_DEVICE_FAMILY = "1,2";
			};
			name = Debug;
		};
		6ADDF4B41C6F56F400C69443 /* Release */ = {
			isa = XCBuildConfiguration;
			buildSettings = {
				ALWAYS_SEARCH_USER_PATHS = NO;
				CLANG_CXX_LANGUAGE_STANDARD = "gnu++0x";
				CLANG_CXX_LIBRARY = "libc++";
				CLANG_ENABLE_MODULES = YES;
				CLANG_ENABLE_OBJC_ARC = YES;
				CLANG_WARN_BOOL_CONVERSION = YES;
				CLANG_WARN_CONSTANT_CONVERSION = YES;
				CLANG_WARN_DIRECT_OBJC_ISA_USAGE = YES_ERROR;
				CLANG_WARN_EMPTY_BODY = YES;
				CLANG_WARN_ENUM_CONVERSION = YES;
				CLANG_WARN_INT_CONVERSION = YES;
				CLANG_WARN_OBJC_ROOT_CLASS = YES_ERROR;
				CLANG_WARN_UNREACHABLE_CODE = YES;
				CLANG_WARN__DUPLICATE_METHOD_MATCH = YES;
				"CODE_SIGN_IDENTITY[sdk=iphoneos*]" = "iPhone Developer";
				COPY_PHASE_STRIP = NO;
				DEBUG_INFORMATION_FORMAT = "dwarf-with-dsym";
				ENABLE_NS_ASSERTIONS = NO;
				ENABLE_STRICT_OBJC_MSGSEND = YES;
				GCC_C_LANGUAGE_STANDARD = gnu99;
				GCC_NO_COMMON_BLOCKS = YES;
				GCC_WARN_64_TO_32_BIT_CONVERSION = YES;
				GCC_WARN_ABOUT_RETURN_TYPE = YES_ERROR;
				GCC_WARN_UNDECLARED_SELECTOR = YES;
				GCC_WARN_UNINITIALIZED_AUTOS = YES_AGGRESSIVE;
				GCC_WARN_UNUSED_FUNCTION = YES;
				GCC_WARN_UNUSED_VARIABLE = YES;
				IPHONEOS_DEPLOYMENT_TARGET = 9.2;
				MTL_ENABLE_DEBUG_INFO = NO;
				SDKROOT = iphoneos;
				TARGETED_DEVICE_FAMILY = "1,2";
				VALIDATE_PRODUCT = YES;
			};
			name = Release;
		};
		6ADDF4B61C6F56F400C69443 /* Debug */ = {
			isa = XCBuildConfiguration;
			buildSettings = {
				ASSETCATALOG_COMPILER_APPICON_NAME = AppIcon;
				INFOPLIST_FILE = "pokedex-by-me/Info.plist";
				LD_RUNPATH_SEARCH_PATHS = "$(inherited) @executable_path/Frameworks";
				PRODUCT_BUNDLE_IDENTIFIER = "com.nevillesmythe.pokedex-by-me";
				PRODUCT_NAME = "$(TARGET_NAME)";
			};
			name = Debug;
		};
		6ADDF4B71C6F56F400C69443 /* Release */ = {
			isa = XCBuildConfiguration;
			buildSettings = {
				ASSETCATALOG_COMPILER_APPICON_NAME = AppIcon;
				INFOPLIST_FILE = "pokedex-by-me/Info.plist";
				LD_RUNPATH_SEARCH_PATHS = "$(inherited) @executable_path/Frameworks";
				PRODUCT_BUNDLE_IDENTIFIER = "com.nevillesmythe.pokedex-by-me";
				PRODUCT_NAME = "$(TARGET_NAME)";
			};
			name = Release;
		};
/* End XCBuildConfiguration section */

/* Begin XCConfigurationList section */
		6ADDF49E1C6F56F400C69443 /* Build configuration list for PBXProject "pokedex-by-me" */ = {
			isa = XCConfigurationList;
			buildConfigurations = (
				6ADDF4B31C6F56F400C69443 /* Debug */,
				6ADDF4B41C6F56F400C69443 /* Release */,
			);
			defaultConfigurationIsVisible = 0;
			defaultConfigurationName = Release;
		};
		6ADDF4B51C6F56F400C69443 /* Build configuration list for PBXNativeTarget "pokedex-by-me" */ = {
			isa = XCConfigurationList;
			buildConfigurations = (
				6ADDF4B61C6F56F400C69443 /* Debug */,
				6ADDF4B71C6F56F400C69443 /* Release */,
			);
			defaultConfigurationIsVisible = 0;
		};
/* End XCConfigurationList section */
	};
	rootObject = 6ADDF49B1C6F56F400C69443 /* Project object */;
}
